
Microsoft Visual Studio Solution File, Format Version 12.00
# Visual Studio Version 17
VisualStudioVersion = 17.2.32616.157
MinimumVisualStudioVersion = 10.0.40219.1
Project("{FAE04EC0-301F-11D3-BF4B-00C04F79EFBC}") = "ArcenXE", "ArcenXE\ArcenXE.csproj", "{999F6EA0-BAE4-49EB-87DD-235123ED17E6}"
EndProject
Global
	GlobalSection(SolutionConfigurationPlatforms) = preSolution
		Debug|Any CPU = Debug|Any CPU
		Release|Any CPU = Release|Any CPU
	EndGlobalSection
	GlobalSection(ProjectConfigurationPlatforms) = postSolution
		{999F6EA0-BAE4-49EB-87DD-235123ED17E6}.Debug|Any CPU.ActiveCfg = Debug|Any CPU
		{999F6EA0-BAE4-49EB-87DD-235123ED17E6}.Debug|Any CPU.Build.0 = Debug|Any CPU
		{999F6EA0-BAE4-49EB-87DD-235123ED17E6}.Release|Any CPU.ActiveCfg = Release|Any CPU
		{999F6EA0-BAE4-49EB-87DD-235123ED17E6}.Release|Any CPU.Build.0 = Release|Any CPU
	EndGlobalSection
	GlobalSection(SolutionProperties) = preSolution
		HideSolutionNode = FALSE
	EndGlobalSection
	GlobalSection(ExtensibilityGlobals) = postSolution
		SolutionGuid = {981187F8-C3A1-4160-B441-FDAB06716930}
	EndGlobalSection
EndGlobal
